
Microsoft Visual Studio Solution File, Format Version 12.00
# Visual Studio Version 17
VisualStudioVersion = 17.3.32929.385
MinimumVisualStudioVersion = 10.0.40219.1
Project("{9A19103F-16F7-4668-BE54-9A1E7A4F7556}") = "TekNET", "TekNET\TekNET.csproj", "{FC1F00A0-846E-4B4E-902E-4158C7687EBC}"
EndProject
Project("{9A19103F-16F7-4668-BE54-9A1E7A4F7556}") = "StartData", "StartData\StartData.csproj", "{79C345ED-ED1E-45B2-9F77-DB64D1C071E5}"
EndProject
Project("{9A19103F-16F7-4668-BE54-9A1E7A4F7556}") = "TekNET V2", "TekNET V2\TekNET V2.csproj", "{4663ADFB-2825-4FCF-8662-A14A69B3D090}"
EndProject
Project("{9A19103F-16F7-4668-BE54-9A1E7A4F7556}") = "TekNET Test Pager", "TekNET Test Pager\TekNET Test Pager.csproj", "{D51A9050-7F1B-45F8-9E31-871CCAB9EE29}"
EndProject
Project("{FAE04EC0-301F-11D3-BF4B-00C04F79EFBC}") = "TekNet Instant", "TekNet Instant\TekNet Instant.csproj", "{458CABBB-A32B-4B70-882B-58357EC0CAB6}"
EndProject
Global
	GlobalSection(SolutionConfigurationPlatforms) = preSolution
		Debug|Any CPU = Debug|Any CPU
		Release|Any CPU = Release|Any CPU
	EndGlobalSection
	GlobalSection(ProjectConfigurationPlatforms) = postSolution
		{FC1F00A0-846E-4B4E-902E-4158C7687EBC}.Debug|Any CPU.ActiveCfg = Debug|Any CPU
		{FC1F00A0-846E-4B4E-902E-4158C7687EBC}.Debug|Any CPU.Build.0 = Debug|Any CPU
		{FC1F00A0-846E-4B4E-902E-4158C7687EBC}.Release|Any CPU.ActiveCfg = Release|Any CPU
		{FC1F00A0-846E-4B4E-902E-4158C7687EBC}.Release|Any CPU.Build.0 = Release|Any CPU
		{79C345ED-ED1E-45B2-9F77-DB64D1C071E5}.Debug|Any CPU.ActiveCfg = Debug|Any CPU
		{79C345ED-ED1E-45B2-9F77-DB64D1C071E5}.Debug|Any CPU.Build.0 = Debug|Any CPU
		{79C345ED-ED1E-45B2-9F77-DB64D1C071E5}.Release|Any CPU.ActiveCfg = Release|Any CPU
		{79C345ED-ED1E-45B2-9F77-DB64D1C071E5}.Release|Any CPU.Build.0 = Release|Any CPU
		{4663ADFB-2825-4FCF-8662-A14A69B3D090}.Debug|Any CPU.ActiveCfg = Debug|Any CPU
		{4663ADFB-2825-4FCF-8662-A14A69B3D090}.Debug|Any CPU.Build.0 = Debug|Any CPU
		{4663ADFB-2825-4FCF-8662-A14A69B3D090}.Release|Any CPU.ActiveCfg = Release|Any CPU
		{4663ADFB-2825-4FCF-8662-A14A69B3D090}.Release|Any CPU.Build.0 = Release|Any CPU
		{D51A9050-7F1B-45F8-9E31-871CCAB9EE29}.Debug|Any CPU.ActiveCfg = Debug|Any CPU
		{D51A9050-7F1B-45F8-9E31-871CCAB9EE29}.Debug|Any CPU.Build.0 = Debug|Any CPU
		{D51A9050-7F1B-45F8-9E31-871CCAB9EE29}.Release|Any CPU.ActiveCfg = Release|Any CPU
		{D51A9050-7F1B-45F8-9E31-871CCAB9EE29}.Release|Any CPU.Build.0 = Release|Any CPU
		{458CABBB-A32B-4B70-882B-58357EC0CAB6}.Debug|Any CPU.ActiveCfg = Debug|Any CPU
		{458CABBB-A32B-4B70-882B-58357EC0CAB6}.Debug|Any CPU.Build.0 = Debug|Any CPU
		{458CABBB-A32B-4B70-882B-58357EC0CAB6}.Release|Any CPU.ActiveCfg = Release|Any CPU
		{458CABBB-A32B-4B70-882B-58357EC0CAB6}.Release|Any CPU.Build.0 = Release|Any CPU
	EndGlobalSection
	GlobalSection(SolutionProperties) = preSolution
		HideSolutionNode = FALSE
	EndGlobalSection
	GlobalSection(ExtensibilityGlobals) = postSolution
		SolutionGuid = {E1689236-CEC0-4E59-9E57-EBED6589BC7D}
	EndGlobalSection
EndGlobal
